
Microsoft Visual Studio Solution File, Format Version 12.00
# Visual Studio Version 17
VisualStudioVersion = 17.9.34728.123
MinimumVisualStudioVersion = 10.0.40219.1
Project("{FAE04EC0-301F-11D3-BF4B-00C04F79EFBC}") = "Avia", "Avia.csproj", "{CFEC4F16-C5A5-4486-B36F-A7552AF7BB29}"
EndProject
Global
	GlobalSection(SolutionConfigurationPlatforms) = preSolution
		Debug|Any CPU = Debug|Any CPU
		Release|Any CPU = Release|Any CPU
	EndGlobalSection
	GlobalSection(ProjectConfigurationPlatforms) = postSolution
		{CFEC4F16-C5A5-4486-B36F-A7552AF7BB29}.Debug|Any CPU.ActiveCfg = Debug|Any CPU
		{CFEC4F16-C5A5-4486-B36F-A7552AF7BB29}.Debug|Any CPU.Build.0 = Debug|Any CPU
		{CFEC4F16-C5A5-4486-B36F-A7552AF7BB29}.Release|Any CPU.ActiveCfg = Release|Any CPU
		{CFEC4F16-C5A5-4486-B36F-A7552AF7BB29}.Release|Any CPU.Build.0 = Release|Any CPU
	EndGlobalSection
	GlobalSection(SolutionProperties) = preSolution
		HideSolutionNode = FALSE
	EndGlobalSection
	GlobalSection(ExtensibilityGlobals) = postSolution
		SolutionGuid = {AAE5F8E4-B4EF-46BE-9F5F-D8DD19515ED2}
	EndGlobalSection
EndGlobal
